
Microsoft Visual Studio Solution File, Format Version 12.00
# Visual Studio Version 17
VisualStudioVersion = 17.5.33627.172
MinimumVisualStudioVersion = 10.0.40219.1
Project("{9A19103F-16F7-4668-BE54-9A1E7A4F7556}") = "Mia.Admin.Domain", "src\Mia.Admin.Domain\Mia.Admin.Domain.csproj", "{554AD327-6DBA-4F8F-96F8-81CE7A0C863F}"
EndProject
Project("{9A19103F-16F7-4668-BE54-9A1E7A4F7556}") = "Mia.Admin.Application", "src\Mia.Admin.Application\Mia.Admin.Application.csproj", "{1A94A50E-06DC-43C1-80B5-B662820EC3EB}"
EndProject
Project("{2150E333-8FDC-42A3-9474-1A3956D46DE8}") = "src", "src", "{CA9AC87F-097E-4F15-8393-4BC07735A5B0}"
EndProject
Project("{9A19103F-16F7-4668-BE54-9A1E7A4F7556}") = "Mia.Admin.MongoDB", "src\Mia.Admin.MongoDB\Mia.Admin.MongoDB.csproj", "{E3444355-D47E-431E-BDD0-DD3A7113B2AE}"
EndProject
Project("{9A19103F-16F7-4668-BE54-9A1E7A4F7556}") = "Mia.Admin.Domain.Shared", "src\Mia.Admin.Domain.Shared\Mia.Admin.Domain.Shared.csproj", "{42F719ED-8413-4895-B5B4-5AB56079BC66}"
EndProject
Project("{9A19103F-16F7-4668-BE54-9A1E7A4F7556}") = "Mia.Admin.Application.Contracts", "src\Mia.Admin.Application.Contracts\Mia.Admin.Application.Contracts.csproj", "{520659C8-C734-4298-A3DA-B539DB9DFC0B}"
EndProject
Project("{9A19103F-16F7-4668-BE54-9A1E7A4F7556}") = "Mia.Admin.HttpApi.Host", "src\Mia.Admin.HttpApi.Host\Mia.Admin.HttpApi.Host.csproj", "{748584B1-BA69-4F6A-81AA-F4BDE6BCE29D}"
EndProject
Project("{2150E333-8FDC-42A3-9474-1A3956D46DE8}") = "test", "test", "{A32C6515-5BE1-4AAC-A1AD-E8FBEEE7253A}"
EndProject
Project("{9A19103F-16F7-4668-BE54-9A1E7A4F7556}") = "Mia.Admin.Application.Tests", "test\Mia.Admin.Application.Tests\Mia.Admin.Application.Tests.csproj", "{51D094CD-589A-4C5E-9A68-B97AD12844FB}"
EndProject
Project("{9A19103F-16F7-4668-BE54-9A1E7A4F7556}") = "Mia.Admin.Domain.Tests", "test\Mia.Admin.Domain.Tests\Mia.Admin.Domain.Tests.csproj", "{A6BFEAF1-1C97-4F63-8C58-0E47EA239B22}"
EndProject
Project("{9A19103F-16F7-4668-BE54-9A1E7A4F7556}") = "Mia.Admin.HttpApi.Client.ConsoleTestApp", "test\Mia.Admin.HttpApi.Client.ConsoleTestApp\Mia.Admin.HttpApi.Client.ConsoleTestApp.csproj", "{0385617C-1F38-4AB4-9D7C-DB071E56E900}"
EndProject
Project("{9A19103F-16F7-4668-BE54-9A1E7A4F7556}") = "Mia.Admin.MongoDB.Tests", "test\Mia.Admin.MongoDB.Tests\Mia.Admin.MongoDB.Tests.csproj", "{9C559A2E-BCE8-4EE2-83D2-D2FC957DF90C}"
EndProject
Project("{9A19103F-16F7-4668-BE54-9A1E7A4F7556}") = "Mia.Admin.TestBase", "test\Mia.Admin.TestBase\Mia.Admin.TestBase.csproj", "{20E92112-B17D-4F3C-AB33-1D1757556ABB}"
EndProject
Project("{9A19103F-16F7-4668-BE54-9A1E7A4F7556}") = "Mia.Admin.HttpApi", "src\Mia.Admin.HttpApi\Mia.Admin.HttpApi.csproj", "{3A4B9BE5-2EA4-4782-9BFA-60D6DD1B764E}"
EndProject
Project("{9A19103F-16F7-4668-BE54-9A1E7A4F7556}") = "Mia.Admin.EntityFrameworkCore", "src\Mia.Admin.EntityFrameworkCore\Mia.Admin.EntityFrameworkCore.csproj", "{3856DDDB-5E7B-4F38-BB75-99BEE627C8B7}"
EndProject
Global
	GlobalSection(SolutionConfigurationPlatforms) = preSolution
		Debug|Any CPU = Debug|Any CPU
		Release|Any CPU = Release|Any CPU
	EndGlobalSection
	GlobalSection(ProjectConfigurationPlatforms) = postSolution
		{554AD327-6DBA-4F8F-96F8-81CE7A0C863F}.Debug|Any CPU.ActiveCfg = Debug|Any CPU
		{554AD327-6DBA-4F8F-96F8-81CE7A0C863F}.Debug|Any CPU.Build.0 = Debug|Any CPU
		{554AD327-6DBA-4F8F-96F8-81CE7A0C863F}.Release|Any CPU.ActiveCfg = Release|Any CPU
		{554AD327-6DBA-4F8F-96F8-81CE7A0C863F}.Release|Any CPU.Build.0 = Release|Any CPU
		{1A94A50E-06DC-43C1-80B5-B662820EC3EB}.Debug|Any CPU.ActiveCfg = Debug|Any CPU
		{1A94A50E-06DC-43C1-80B5-B662820EC3EB}.Debug|Any CPU.Build.0 = Debug|Any CPU
		{1A94A50E-06DC-43C1-80B5-B662820EC3EB}.Release|Any CPU.ActiveCfg = Release|Any CPU
		{1A94A50E-06DC-43C1-80B5-B662820EC3EB}.Release|Any CPU.Build.0 = Release|Any CPU
		{E3444355-D47E-431E-BDD0-DD3A7113B2AE}.Debug|Any CPU.ActiveCfg = Debug|Any CPU
		{E3444355-D47E-431E-BDD0-DD3A7113B2AE}.Debug|Any CPU.Build.0 = Debug|Any CPU
		{E3444355-D47E-431E-BDD0-DD3A7113B2AE}.Release|Any CPU.ActiveCfg = Release|Any CPU
		{E3444355-D47E-431E-BDD0-DD3A7113B2AE}.Release|Any CPU.Build.0 = Release|Any CPU
		{42F719ED-8413-4895-B5B4-5AB56079BC66}.Debug|Any CPU.ActiveCfg = Debug|Any CPU
		{42F719ED-8413-4895-B5B4-5AB56079BC66}.Debug|Any CPU.Build.0 = Debug|Any CPU
		{42F719ED-8413-4895-B5B4-5AB56079BC66}.Release|Any CPU.ActiveCfg = Release|Any CPU
		{42F719ED-8413-4895-B5B4-5AB56079BC66}.Release|Any CPU.Build.0 = Release|Any CPU
		{520659C8-C734-4298-A3DA-B539DB9DFC0B}.Debug|Any CPU.ActiveCfg = Debug|Any CPU
		{520659C8-C734-4298-A3DA-B539DB9DFC0B}.Debug|Any CPU.Build.0 = Debug|Any CPU
		{520659C8-C734-4298-A3DA-B539DB9DFC0B}.Release|Any CPU.ActiveCfg = Release|Any CPU
		{520659C8-C734-4298-A3DA-B539DB9DFC0B}.Release|Any CPU.Build.0 = Release|Any CPU
		{748584B1-BA69-4F6A-81AA-F4BDE6BCE29D}.Debug|Any CPU.ActiveCfg = Debug|Any CPU
		{748584B1-BA69-4F6A-81AA-F4BDE6BCE29D}.Debug|Any CPU.Build.0 = Debug|Any CPU
		{748584B1-BA69-4F6A-81AA-F4BDE6BCE29D}.Release|Any CPU.ActiveCfg = Release|Any CPU
		{748584B1-BA69-4F6A-81AA-F4BDE6BCE29D}.Release|Any CPU.Build.0 = Release|Any CPU
		{51D094CD-589A-4C5E-9A68-B97AD12844FB}.Debug|Any CPU.ActiveCfg = Debug|Any CPU
		{51D094CD-589A-4C5E-9A68-B97AD12844FB}.Debug|Any CPU.Build.0 = Debug|Any CPU
		{51D094CD-589A-4C5E-9A68-B97AD12844FB}.Release|Any CPU.ActiveCfg = Release|Any CPU
		{51D094CD-589A-4C5E-9A68-B97AD12844FB}.Release|Any CPU.Build.0 = Release|Any CPU
		{A6BFEAF1-1C97-4F63-8C58-0E47EA239B22}.Debug|Any CPU.ActiveCfg = Debug|Any CPU
		{A6BFEAF1-1C97-4F63-8C58-0E47EA239B22}.Debug|Any CPU.Build.0 = Debug|Any CPU
		{A6BFEAF1-1C97-4F63-8C58-0E47EA239B22}.Release|Any CPU.ActiveCfg = Release|Any CPU
		{A6BFEAF1-1C97-4F63-8C58-0E47EA239B22}.Release|Any CPU.Build.0 = Release|Any CPU
		{0385617C-1F38-4AB4-9D7C-DB071E56E900}.Debug|Any CPU.ActiveCfg = Debug|Any CPU
		{0385617C-1F38-4AB4-9D7C-DB071E56E900}.Debug|Any CPU.Build.0 = Debug|Any CPU
		{0385617C-1F38-4AB4-9D7C-DB071E56E900}.Release|Any CPU.ActiveCfg = Release|Any CPU
		{0385617C-1F38-4AB4-9D7C-DB071E56E900}.Release|Any CPU.Build.0 = Release|Any CPU
		{9C559A2E-BCE8-4EE2-83D2-D2FC957DF90C}.Debug|Any CPU.ActiveCfg = Debug|Any CPU
		{9C559A2E-BCE8-4EE2-83D2-D2FC957DF90C}.Debug|Any CPU.Build.0 = Debug|Any CPU
		{9C559A2E-BCE8-4EE2-83D2-D2FC957DF90C}.Release|Any CPU.ActiveCfg = Release|Any CPU
		{9C559A2E-BCE8-4EE2-83D2-D2FC957DF90C}.Release|Any CPU.Build.0 = Release|Any CPU
		{20E92112-B17D-4F3C-AB33-1D1757556ABB}.Debug|Any CPU.ActiveCfg = Debug|Any CPU
		{20E92112-B17D-4F3C-AB33-1D1757556ABB}.Debug|Any CPU.Build.0 = Debug|Any CPU
		{20E92112-B17D-4F3C-AB33-1D1757556ABB}.Release|Any CPU.ActiveCfg = Release|Any CPU
		{20E92112-B17D-4F3C-AB33-1D1757556ABB}.Release|Any CPU.Build.0 = Release|Any CPU
		{3A4B9BE5-2EA4-4782-9BFA-60D6DD1B764E}.Debug|Any CPU.ActiveCfg = Debug|Any CPU
		{3A4B9BE5-2EA4-4782-9BFA-60D6DD1B764E}.Debug|Any CPU.Build.0 = Debug|Any CPU
		{3A4B9BE5-2EA4-4782-9BFA-60D6DD1B764E}.Release|Any CPU.ActiveCfg = Release|Any CPU
		{3A4B9BE5-2EA4-4782-9BFA-60D6DD1B764E}.Release|Any CPU.Build.0 = Release|Any CPU
		{3856DDDB-5E7B-4F38-BB75-99BEE627C8B7}.Debug|Any CPU.ActiveCfg = Debug|Any CPU
		{3856DDDB-5E7B-4F38-BB75-99BEE627C8B7}.Debug|Any CPU.Build.0 = Debug|Any CPU
		{3856DDDB-5E7B-4F38-BB75-99BEE627C8B7}.Release|Any CPU.ActiveCfg = Release|Any CPU
		{3856DDDB-5E7B-4F38-BB75-99BEE627C8B7}.Release|Any CPU.Build.0 = Release|Any CPU
	EndGlobalSection
	GlobalSection(SolutionProperties) = preSolution
		HideSolutionNode = FALSE
	EndGlobalSection
	GlobalSection(NestedProjects) = preSolution
		{554AD327-6DBA-4F8F-96F8-81CE7A0C863F} = {CA9AC87F-097E-4F15-8393-4BC07735A5B0}
		{1A94A50E-06DC-43C1-80B5-B662820EC3EB} = {CA9AC87F-097E-4F15-8393-4BC07735A5B0}
		{E3444355-D47E-431E-BDD0-DD3A7113B2AE} = {CA9AC87F-097E-4F15-8393-4BC07735A5B0}
		{42F719ED-8413-4895-B5B4-5AB56079BC66} = {CA9AC87F-097E-4F15-8393-4BC07735A5B0}
		{520659C8-C734-4298-A3DA-B539DB9DFC0B} = {CA9AC87F-097E-4F15-8393-4BC07735A5B0}
		{748584B1-BA69-4F6A-81AA-F4BDE6BCE29D} = {CA9AC87F-097E-4F15-8393-4BC07735A5B0}
		{51D094CD-589A-4C5E-9A68-B97AD12844FB} = {A32C6515-5BE1-4AAC-A1AD-E8FBEEE7253A}
		{A6BFEAF1-1C97-4F63-8C58-0E47EA239B22} = {A32C6515-5BE1-4AAC-A1AD-E8FBEEE7253A}
		{0385617C-1F38-4AB4-9D7C-DB071E56E900} = {A32C6515-5BE1-4AAC-A1AD-E8FBEEE7253A}
		{9C559A2E-BCE8-4EE2-83D2-D2FC957DF90C} = {A32C6515-5BE1-4AAC-A1AD-E8FBEEE7253A}
		{20E92112-B17D-4F3C-AB33-1D1757556ABB} = {A32C6515-5BE1-4AAC-A1AD-E8FBEEE7253A}
		{3A4B9BE5-2EA4-4782-9BFA-60D6DD1B764E} = {CA9AC87F-097E-4F15-8393-4BC07735A5B0}
		{3856DDDB-5E7B-4F38-BB75-99BEE627C8B7} = {CA9AC87F-097E-4F15-8393-4BC07735A5B0}
	EndGlobalSection
	GlobalSection(ExtensibilityGlobals) = postSolution
		SolutionGuid = {28315BFD-90E7-4E14-A2EA-F3D23AF4126F}
	EndGlobalSection
EndGlobal
